// !$*UTF8*$!
{
	archiveVersion = 1;
	classes = {
	};
	objectVersion = 90;
	objects = {

/* Begin PBXBuildFile section */
		F8053E022F33DB15006A5E34 /* Reczipes2Clip.app in Embed App Clips */ = {isa = PBXBuildFile; fileRef = F8053DDD2F33DB12006A5E34 /* Reczipes2Clip.app */; settings = {ATTRIBUTES = (RemoveHeadersOnCopy, ); }; };
		F82B66222F01B60E00500EDE /* Reczipes2App.swift in Sources */ = {isa = PBXBuildFile; fileRef = F82B65D12F01B60E00500EDE /* Reczipes2App.swift */; };
		F89D3BB32EF60B9700B52212 /* Assets.xcassets in Resources */ = {isa = PBXBuildFile; fileRef = F89D3B622EF60B9700B52212 /* Assets.xcassets */; };
/* End PBXBuildFile section */

/* Begin PBXContainerItemProxy section */
		F8053DEF2F33DB15006A5E34 /* PBXContainerItemProxy */ = {
			isa = PBXContainerItemProxy;
			containerPortal = F8C80F3C2EE246D200AA52E7 /* Project object */;
			proxyType = 1;
			remoteGlobalIDString = F8053DDC2F33DB12006A5E34;
			remoteInfo = Reczipes2Clip;
		};
		F8053DF92F33DB15006A5E34 /* PBXContainerItemProxy */ = {
			isa = PBXContainerItemProxy;
			containerPortal = F8C80F3C2EE246D200AA52E7 /* Project object */;
			proxyType = 1;
			remoteGlobalIDString = F8053DDC2F33DB12006A5E34;
			remoteInfo = Reczipes2Clip;
		};
		F8053E002F33DB15006A5E34 /* PBXContainerItemProxy */ = {
			isa = PBXContainerItemProxy;
			containerPortal = F8C80F3C2EE246D200AA52E7 /* Project object */;
			proxyType = 1;
			remoteGlobalIDString = F8053DDC2F33DB12006A5E34;
			remoteInfo = Reczipes2Clip;
		};
		F8C80F542EE246D300AA52E7 /* PBXContainerItemProxy */ = {
			isa = PBXContainerItemProxy;
			containerPortal = F8C80F3C2EE246D200AA52E7 /* Project object */;
			proxyType = 1;
			remoteGlobalIDString = F8C80F432EE246D200AA52E7;
			remoteInfo = Reczipes2;
		};
		F8C80F5E2EE246D300AA52E7 /* PBXContainerItemProxy */ = {
			isa = PBXContainerItemProxy;
			containerPortal = F8C80F3C2EE246D200AA52E7 /* Project object */;
			proxyType = 1;
			remoteGlobalIDString = F8C80F432EE246D200AA52E7;
			remoteInfo = Reczipes2;
		};
/* End PBXContainerItemProxy section */

/* Begin PBXCopyFilesBuildPhase section */
		F84466D42F058B8B005AC874 /* Embed App Clips */ = {
			isa = PBXCopyFilesBuildPhase;
			dstPath = "$(CONTENTS_FOLDER_PATH)/AppClips";
			dstSubfolder = Product;
			files = (
				F8053E022F33DB15006A5E34 /* Reczipes2Clip.app in Embed App Clips */,
			);
			name = "Embed App Clips";
		};
/* End PBXCopyFilesBuildPhase section */

/* Begin PBXFileReference section */
		F8053DDD2F33DB12006A5E34 /* Reczipes2Clip.app */ = {isa = PBXFileReference; explicitFileType = wrapper.application; includeInIndex = 0; path = Reczipes2Clip.app; sourceTree = BUILT_PRODUCTS_DIR; };
		F8053DEE2F33DB15006A5E34 /* Reczipes2ClipTests.xctest */ = {isa = PBXFileReference; explicitFileType = wrapper.cfbundle; includeInIndex = 0; path = Reczipes2ClipTests.xctest; sourceTree = BUILT_PRODUCTS_DIR; };
		F8053DF82F33DB15006A5E34 /* Reczipes2ClipUITests.xctest */ = {isa = PBXFileReference; explicitFileType = wrapper.cfbundle; includeInIndex = 0; path = Reczipes2ClipUITests.xctest; sourceTree = BUILT_PRODUCTS_DIR; };
		F81D46122FBD0E4500573E24 /* Reczipes2UITests.xctestplan */ = {isa = PBXFileReference; lastKnownFileType = text; path = Reczipes2UITests.xctestplan; sourceTree = "<group>"; };
		F82B65D12F01B60E00500EDE /* Reczipes2App.swift */ = {isa = PBXFileReference; lastKnownFileType = sourcecode.swift; path = Reczipes2App.swift; sourceTree = "<group>"; };
		F87D7DED2FBD18CA00D0E1DA /* TestPlan.xctestplan */ = {isa = PBXFileReference; lastKnownFileType = text; path = TestPlan.xctestplan; sourceTree = "<group>"; };
		F87D7DEF2FBD1CB300D0E1DA /* Reczipes2Tests.xctestplan */ = {isa = PBXFileReference; lastKnownFileType = text; path = Reczipes2Tests.xctestplan; sourceTree = "<group>"; };
		F89D3B622EF60B9700B52212 /* Assets.xcassets */ = {isa = PBXFileReference; lastKnownFileType = folder.assetcatalog; path = Assets.xcassets; sourceTree = "<group>"; };
		F8C80F442EE246D200AA52E7 /* Reczipes2.app */ = {isa = PBXFileReference; explicitFileType = wrapper.application; includeInIndex = 0; path = Reczipes2.app; sourceTree = BUILT_PRODUCTS_DIR; };
		F8C80F532EE246D300AA52E7 /* Reczipes2Tests.xctest */ = {isa = PBXFileReference; explicitFileType = wrapper.cfbundle; includeInIndex = 0; path = Reczipes2Tests.xctest; sourceTree = BUILT_PRODUCTS_DIR; };
		F8C80F5D2EE246D300AA52E7 /* Reczipes2UITests.xctest */ = {isa = PBXFileReference; explicitFileType = wrapper.cfbundle; includeInIndex = 0; path = Reczipes2UITests.xctest; sourceTree = BUILT_PRODUCTS_DIR; };
/* End PBXFileReference section */

/* Begin PBXFileSystemSynchronizedBuildFileExceptionSet section */
		F8053E0A2F33DB15006A5E34 /* Exceptions for "Reczipes2Clip" folder in "Reczipes2Clip" target */ = {
			isa = PBXFileSystemSynchronizedBuildFileExceptionSet;
			membershipExceptions = (
				AppClipSharedModels.swift,
				Info.plist,
			);
			target = F8053DDC2F33DB12006A5E34 /* Reczipes2Clip */;
		};
		F8053E232F33DD62006A5E34 /* Exceptions for "Reczipes2" folder in "Reczipes2Clip" target */ = {
			isa = PBXFileSystemSynchronizedBuildFileExceptionSet;
			membershipExceptions = (
				Managers/ExtractionRetryManager.swift,
				Models/ClaudeAPIClient.swift,
				Models/ImagePreprocessor.swift,
				Models/RecipeExtractorConfig.swift,
				Models/WebRecipeExtractor.swift,
			);
			target = F8053DDC2F33DB12006A5E34 /* Reczipes2Clip */;
		};
		F86A2B3B2F10453300664E61 /* Exceptions for "Reczipes2Tests" folder in "Reczipes2Tests" target */ = {
			isa = PBXFileSystemSynchronizedBuildFileExceptionSet;
			membershipExceptions = (
				Docs_tests/BACKUP_TESTS_UPDATE.md,
				Docs_tests/RECIPE_EXPORT_IMPORT_TESTS_REFACTORING.md,
				Docs_tests/run_testflight_tests.sh,
				Docs_tests/SHARING_TESTS_OVERVIEW.md,
				"Docs_tests/TEST_FIXES_SUMMARY 2.md",
				Docs_tests/TEST_FIXES_SUMMARY.md,
				Docs_tests/TESTFLIGHT_INDEX.md,
				Docs_tests/TESTFLIGHT_QUICK_REFERENCE.md,
				Docs_tests/TESTFLIGHT_TEST_RESULTS_TEMPLATE.md,
				Docs_tests/TESTFLIGHT_TEST_SUITE_SUMMARY.md,
				Docs_tests/TESTFLIGHT_TESTS_README.md,
				Docs_tests/TESTING_CLOUDKIT_GUIDELINES.md,
			);
			target = F8C80F522EE246D300AA52E7 /* Reczipes2Tests */;
		};
		F87D19EC2EE778EE009C11CB /* Exceptions for "Reczipes2" folder in "Reczipes2Tests" target */ = {
			isa = PBXFileSystemSynchronizedBuildFileExceptionSet;
			membershipExceptions = (
				Models/DiagnosticLogger.swift,
				Models/ImagePreprocessor.swift,
				Models/LoggingSettings.swift,
			);
			target = F8C80F522EE246D300AA52E7 /* Reczipes2Tests */;
		};
		F890655B2F3264AC00E47AA8 /* Exceptions for "Reczipes2" folder in "Reczipes2" target */ = {
			isa = PBXFileSystemSynchronizedBuildFileExceptionSet;
			membershipExceptions = (
				Info.plist,
			);
			target = F8C80F432EE246D200AA52E7 /* Reczipes2 */;
		};
		F8F1931A2F0068F7001B77D4 /* Exceptions for "Docs" folder in "Reczipes2" target */ = {
			isa = PBXFileSystemSynchronizedBuildFileExceptionSet;
			membershipExceptions = (
				ALLERGEN_DETECTION_GUIDE.md,
				ALLERGEN_IMPLEMENTATION_SUMMARY.md,
				ALLERGEN_MATCHING_QUICK_GUIDE.md,
				ALLERGEN_QUICK_REFERENCE.md,
				ANALYTICS_LOGGING_LOCATIONS.md,
				APP_CLIP_IMPLEMENTATION_GUIDE.md,
				ARCHITECTURE_IMAGE_ASSIGNMENT.md,
				ARCHITECTURE_RECIPE_EXTRACTION.md,
				AUTO_SYNC_IMPLEMENTATION.md,
				AUTOMATIC_IMAGE_ASSIGNMENT.md,
				BACKGROUND_CRASH_FIX.md,
				BACKGROUND_EXTRACTION_SETUP.md,
				BACKGROUND_EXTRACTION_SUMMARY.md,
				"BACKUP_FILENAME_FIX 2.md",
				BACKUP_FILENAME_FIX.md,
				BACKUP_LOCATION_UPDATE.md,
				BACKUP_RESTORE_GUIDE.md,
				BATCH_EXTRACTION_BACKGROUND_SUPPORT.md,
				BATCH_EXTRACTION_BEFORE_AFTER.md,
				BATCH_EXTRACTION_DEVELOPER_GUIDE.md,
				BATCH_EXTRACTION_FILES_COMPLETE_FIX.md,
				BATCH_EXTRACTION_FILES_FIX.md,
				BATCH_EXTRACTION_IMPLEMENTATION_CHECKLIST.md,
				BATCH_EXTRACTION_IMPROVEMENTS.md,
				BATCH_EXTRACTION_INTEGRATION.md,
				BATCH_EXTRACTION_QUICK_REFERENCE.md,
				BATCH_EXTRACTION_SUMMARY.md,
				BATCH_EXTRACTION_UI_GUIDE.md,
				BATCH_EXTRACTION_USER_GUIDE.md,
				BATCH_IMAGE_EXTRACTION_CHECKLIST.md,
				BATCH_IMAGE_EXTRACTION_GUIDE.md,
				BATCH_IMAGE_EXTRACTION_HELP_INTEGRATION.md,
				BATCH_IMAGE_EXTRACTION_QUICK_REFERENCE.md,
				BATCH_IMAGE_EXTRACTION_SUMMARY.md,
				BATCH_IMAGE_EXTRACTION_USER_GUIDE.md,
				BATCH_IMAGE_EXTRACTION_USER_HELP.md,
				BATCH_IMAGE_EXTRACTION_WORKFLOWS.md,
				BLANK_SCREEN_FIX.md,
				BOOK_EXPORT_IMPORT_TYPES_REFACTOR.md,
				BOOK_README.md,
				BUILD_2_RELEASE_NOTES.md,
				BUNDLE_ID_CHANGE_VERIFICATION.md,
				CACHED_SHARED_RECIPES_IMPLEMENTATION.md,
				CLOUDKIT_BACKGROUND_MODE_FIX.md,
				CLOUDKIT_BUILD_FIX.md,
				CLOUDKIT_CONTAINER_FIX_GUIDE.md,
				CLOUDKIT_DEBUGGING_GUIDE.md,
				CLOUDKIT_ENTITLEMENTS_SETUP.md,
				CLOUDKIT_ERROR_HANDLING_UPDATES.md,
				CLOUDKIT_FIX_IMPLEMENTATION_SUMMARY.md,
				CLOUDKIT_FIX_QUICKSTART.md,
				CLOUDKIT_FIX_SUMMARY_FINAL.md,
				CLOUDKIT_FIX_SUMMARY.md,
				CLOUDKIT_HELP_INTEGRATION_SUMMARY.md,
				CLOUDKIT_ONBOARDING_INTEGRATION.md,
				CLOUDKIT_RECIPE_BOOK_MANAGER_FIX.md,
				CLOUDKIT_RECIPE_MANAGER_IMPLEMENTATION.md,
				CLOUDKIT_SCHEMA_FIX.md,
				CLOUDKIT_SCHEMA_GUIDE.md,
				CLOUDKIT_SETUP_GUIDE.md,
				CLOUDKIT_SHARING_GUIDE.md,
				CLOUDKIT_SHARING_RECIPEX_MIGRATION.md,
				CLOUDKIT_SYNC_FIX_SUMMARY.md,
				CLOUDKIT_SYNC_GUIDE.md,
				CLOUDKIT_VALIDATOR_FIX.md,
				CLOUDKIT_VALIDATOR_UPDATES.md,
				COMMUNITY_BOOKS_SYNC_IMPLEMENTATION.md,
				COMMUNITY_BOOKS_SYNC_QUICK_START.md,
				COMMUNITY_CONTENT_SYNC_COMPLETE.md,
				COMMUNITY_SHARING_CLEANUP_GUIDE.md,
				COMMUNITY_SHARING_FILTER_IMPLEMENTATION.md,
				COMMUNITY_SHARING_FIXES.md,
				COMMUNITY_SHARING_ORPHAN_CLEANUP_GUIDE.md,
				COMPLETE_APP_HELP_GUIDE.md,
				COMPLETE_SUMMARY_11_5_47.md,
				COMPLETE_SUMMARY.md,
				CONTENTVIEW_BOOKS_INTEGRATION.md,
				CONTEXT_AWARE_MATCHING_ARCHITECTURE.md,
				CONTEXTUAL_HELP_IMPLEMENTATION.md,
				COOKING_MODE_HELP_GUIDE.md,
				COOKING_MODE_INTEGRATION_COMPLETE.md,
				COOKING_MODE_INTEGRATION_PLAN.md,
				COOKING_MODE_QUICK_REFERENCE.md,
				COOKING_MODE_QUICK_START.md,
				COOKINGMODE_INTEGRATION_COMPLETE.md,
				CRASH_FIX_UNKNOWN_MODEL_VERSION.md,
				DATA_DESCRIPTOR_FIX_SUMMARY.md,
				DATA_SYNC_RECIPEX_MIGRATION.md,
				DATABASE_RECOVERY_COMPLETE.md,
				DATABASE_RECOVERY_FIX.md,
				DATABASE_RECOVERY_GUIDE.md,
				DATABASE_RECOVERY_TROUBLESHOOTING.md,
				DEBUG_SHARED_BOOKS_ISSUE.md,
				DIABETES_PROFILE_FEATURE.md,
				DIABETIC_ANALYSIS_USER_GUIDE.md,
				DIABETIC_CACHE_IMPLEMENTATION_SUMMARY.md,
				DIABETIC_CACHE_SYSTEM.md,
				DIABETIC_CACHE_TESTS_DEBUGGING.md,
				DIABETIC_FEATURE_COMPLIANCE_SUMMARY.md,
				DIABETIC_FEATURE_QUICK_REFERENCE.md,
				DIABETIC_GUIDELINES_COMPLIANCE.md,
				DIABETIC_INTEGRATION_GUIDE.md,
				DIABETIC_QUICKSTART.md,
				DIAGNOSTIC_SYSTEM_SUMMARY.md,
				DIAGNOSTIC_UX_FLOW.md,
				DiagnosticIntegrationGuide.swift,
				DiagnosticQuickReference.swift,
				DISPLAY_NAME_FIX.md,
				DOCUMENTATION_UPDATE_SUMMARY.md,
				DUPLICATE_DETECTION_FEATURE_SPEC.md,
				DUPLICATE_DETECTION_QUICK_START.md,
				DUPLICATE_FIX_GUIDE.md,
				DUPLICATE_REMOVAL_GUIDE.md,
				DUPLICATE_TYPE_FIX.md,
				DYNAMIC_VERSION_HISTORY_ARCHITECTURE.md,
				DYNAMIC_VERSION_HISTORY_SUMMARY.md,
				ENHANCED_LOGGING_INTEGRATION.md,
				EXTRACTION_RECIPEX_MIGRATION.md,
				FILE_INVENTORY.txt,
				FILE_ORGANIZATION_NOTE.md,
				FILE_STRUCTURE.md,
				FILTER_PICKER_ACCESSIBILITY_FIX.md,
				FINAL_INTEGRATION_SUMMARY.md,
				FIND_REMAINING_IMAGE_CODE.md,
				FIXED_VERSION_11_6_48.md,
				FODMAP_ALLERGEN_INTEGRATION.md,
				FODMAP_IMPLEMENTATION_GUIDE.md,
				FODMAP_INTEGRATION_GUIDE.md,
				FODMAP_QUICK_REFERENCE.md,
				FODMAP_QUICKSTART.md,
				FODMAP_SUBSTITUTION_GUIDE.md,
				FODMAP_UI_GUIDE.md,
				GHOST_DATA_CLEANUP_SUMMARY.md,
				GHOST_DATA_CLEANUP_USER_FLOW.md,
				GHOST_ORPHAN_COMPLETE_SOLUTION.md,
				GHOST_RECIPE_BOOKS_FIX.md,
				GHOST_RECIPES_FIX.md,
				GLOBAL_STATUS_BAR_DOCUMENTATION.md,
				HELP_SYSTEM_BACKGROUND_EXTRACTION_UPDATE.md,
				HELP_SYSTEM_PACKAGE.md,
				HELP_TOPICS_QUICK_REFERENCE.md,
				HTML_TAG_FIX_VISUAL.md,
				HTML_TAG_URL_FIX.md,
				ICLOUD_DRIVE_BATCH_EXTRACTION.md,
				ICLOUD_SIGNIN_FIX.md,
				IMAGE_CROP_FEATURE_SUMMARY.md,
				IMAGE_CROP_USER_GUIDE.md,
				IMAGE_DISPLAY_FIX.md,
				IMAGE_EXTRACTION_UPDATE_SUMMARY.md,
				IMAGE_MIGRATION_GUIDE.md,
				IMAGE_MIGRATION_TESTING_CHECKLIST.md,
				IMPLEMENTATION_GUIDE.md,
				IMPLEMENTATION_NOTES.md,
				"IMPLEMENTATION_SUMMARY 2.md",
				IMPLEMENTATION_SUMMARY.md,
				IMPORT_MERGE_SUMMARY.md,
				INFO_PLIST_VISUAL_GUIDE.md,
				INGREDIENT_PARSING_IMPROVEMENTS.md,
				"INTEGRATION_CHECKLIST 2.md",
				INTEGRATION_CHECKLIST.md,
				INTEGRATION_GUIDE.md,
				INTEGRATION_NEXT_STEPS.md,
				INTEGRATION_SUMMARY.md,
				IPAD_SHEET_IMPROVEMENTS.md,
				JSONLINKVALIDATOR_CONSOLIDATED.md,
				JSONLINKVALIDATOR_TIPS_FIX.md,
				KEEP_AWAKE_FEATURE.md,
				LAUNCH_PERFORMANCE_OPTIMIZATION.md,
				LAUNCH_SCREEN_SETUP.md,
				LAUNCH_SCREEN_UPDATES.md,
				LEGACY_MIGRATION_ARCHITECTURE.md,
				LEGACY_MIGRATION_GUIDE.md,
				LEGACY_MIGRATION_QUICK_REF.md,
				LEGACY_MIGRATION_SUMMARY.md,
				LICENSE_IMPLEMENTATION.md,
				LINK_AND_URL_EXTRACTION.md,
				"LINK_EXTRACTION_RECIPEX_FIX 2.md",
				LINK_EXTRACTION_RECIPEX_FIX.md,
				LOADING_VISIBILITY_FIX.md,
				LOGGING_SETTINGS_IMPLEMENTATION.md,
				MEDICAL_GUIDELINES_REFERENCE.md,
				MIGRATION_GUIDE.md,
				MIGRATION_IMPLEMENTATION_SUMMARY.md,
				MIGRATION_QUICK_REFERENCE.md,
				MIGRATION_VISUAL_GUIDE.md,
				MISSING_CLOUDKIT_ID_FIX.md,
				MISSING_RECIPES_TROUBLESHOOTING.md,
				MULTIPLE_IMAGES_ARCHITECTURE.md,
				MULTIPLE_IMAGES_QUICK_REFERENCE.md,
				MULTIPLE_IMAGES_REFACTOR.md,
				NUTRITIONAL_GOALS_ARCHITECTURE.md,
				NUTRITIONAL_GOALS_CHECKLIST.md,
				NUTRITIONAL_GOALS_GUIDE.md,
				NUTRITIONAL_GOALS_SUMMARY.md,
				PERFORMANCE_FIX_ALLERGEN_FILTER.md,
				PROFILE_ACTIVATION_FIX.md,
				PROFILE_FIX_SUMMARY.md,
				PROFILE_MANAGEMENT_GUIDE.md,
				QUICK_BUNDLE_ID_CHECKLIST.md,
				QUICK_FIX_CLOUDKIT.md,
				QUICK_FIX_COMMUNITY_SHARING.md,
				QUICK_FIX_HTML_TAGS.md,
				QUICK_REF_BACKGROUND_EXTRACTION.md,
				QUICK_REF_FILES_FIX.md,
				QUICK_REFERENCE_CLOUDKIT.md,
				QUICK_REFERENCE_DETAILVIEW.md,
				"QUICK_SETUP_SAVED_LINKS 2.md",
				QUICK_SETUP_SAVED_LINKS.md,
				"QUICK_START 2.md",
				QUICK_START_SHARING.md,
				QUICK_START_URL_FIXER.md,
				QUICK_START_VERSION_11_5_BUILD_47.md,
				QUICK_START.md,
				QUICK_TEST_CHECKLIST.md,
				QUICKSTART.md,
				"README 2.md",
				README_EXPORT_IMPORT.md,
				README_INGREDIENT_MATCHING.md,
				README.md,
				RECIPE_BOOK_COVER_MIGRATION_GUIDE.md,
				RECIPE_BOOK_EXPORT_GUIDE.md,
				RECIPE_COLLECTION_REFACTOR.md,
				RECIPE_DETAIL_IMAGE_SYNC_FIX.md,
				RECIPE_DETAIL_VIEW_MERGE_ANALYSIS.md,
				RECIPE_EDITING_GUIDE.md,
				RECIPE_EDITING_QUICKSTART.md,
				RECIPE_EDITOR_FIX_UNTITLED_SECTIONS.md,
				RECIPE_EDITOR_IMPROVEMENTS.md,
				RECIPE_EDITOR_RECIPEX_MIGRATION.md,
				RECIPE_EDITOR_UI_EXAMPLES.md,
				RECIPE_ENHANCEMENT_FIXES.md,
				RECIPE_ENHANCEMENT_GUIDE.md,
				RECIPE_EXPORT_IMPORT_UPDATE.md,
				RECIPE_EXTRACTION_UX_FIX.md,
				RECIPE_IMAGE_MIGRATION_GUIDE.md,
				RECIPE_IMAGES_EDITOR_IMPLEMENTATION.md,
				RECIPE_SEARCH_IMPLEMENTATION.md,
				RECIPE_SHARING_FIXED.md,
				RECIPEBOOK_INITIALIZATION_NOTES.md,
				RECIPEBOOK_UTI_IMPLEMENTATION.md,
				RECIPEBOOK_UTI_REGISTRATION.md,
				RECIPEDETAILVIEW_INTEGRATION_COMPLETE.md,
				RecipeImageAssignmentInstructions.md,
				RECIPEX_COMPLETE_MIGRATION_PLAN.md,
				RECIPEX_INTEGRATION_GUIDE.md,
				RECIPEX_MIGRATION_FIXES.md,
				RECIPEX_MIGRATION_NEXT_STEPS.md,
				RECIPEX_MIGRATION_PROGRESS.md,
				RECIPEX_MIGRATION_TESTING_GUIDE.md,
				REMAINING_SAVRECIPE_UPDATES.md,
				REMINDERS_INTEGRATION_SETUP.md,
				RETRY_IMPLEMENTATION_SUMMARY.md,
				RETRY_RESILIENCE_SYSTEM.md,
				SAVED_LINKS_FEATURE.md,
				SCHEMA_MIGRATION_GUIDE.md,
				SECURITY_FIX_API_KEY_LOGGING.md,
				SHARED_BOOKS_BASE64_THUMBNAILS.md,
				SHARED_BOOKS_IMPLEMENTATION_SUMMARY.md,
				SHARED_BOOKS_ON_DEMAND_IMPLEMENTATION.md,
				SHARED_BOOKS_SUMMARY.md,
				SHARED_BOOKS_TROUBLESHOOTING.md,
				SHARED_RECIPES_DESIGN_DECISION.md,
				SHARING_GUIDANCE_IMPROVEMENTS.md,
				SHARING_TAB_FILTER_FIX.md,
				START_HERE.md,
				STARTUP_BACKGROUND_CRASH_FIX.md,
				STATE_PRESERVATION_GUIDE.md,
				SYNC_MONITOR_GUIDE.md,
				SYNC_STATUS_SYSTEM_SUMMARY.md,
				SYNC_TROUBLESHOOTING_CHECKLIST.md,
				TEST_FILE_FIX.md,
				TEST_MIGRATION_NOTE.md,
				TESTFLIGHT_RELEASE_CHECKLIST.md,
				TESTING_HTML_TAG_FIX.md,
				TIMEOUT_FIX.md,
				TIPS_INTEGRATION_SUMMARY.md,
				TIPS_INTEGRATION.md,
				TROUBLESHOOTING_VERSION_DISPLAY.md,
				UI_TESTING_SETUP.md,
				UNSHARE_SYNC_FIXES.md,
				UNZIP_AND_INTEGRATE.md,
				URGENT_421_RECIPE_FIX.md,
				URL_FIXER_GUIDE.md,
				USER_CONTENT_BACKUP_TODO_FIXES.md,
				USER_CONTENT_BACKUP_UPDATE.md,
				UTI_ARCHITECTURE.md,
				UTI_COMPLETE_SUMMARY.md,
				UTI_QUICK_REFERENCE.txt,
				UTI_README.md,
				UTI_REGISTRATION_CHECKLIST.md,
				VERSION_HISTORY_FIX_SUMMARY.md,
				VERSION_HISTORY_GUIDE.md,
				VERSION_HISTORY_UPDATE_SUMMARY.md,
				VISUAL_SUMMARY.md,
				WEB_IMAGE_EXTRACTION_FEATURE.md,
				WEB_IMAGE_FLOW_DIAGRAM.md,
				WEB_IMAGE_TESTING_CHECKLIST.md,
				XCODE_INTEGRATION_STEPS.md,
				ZIP_DECOMPRESSION_FIX.md,
				ZIP_EXTRACTION_DIAGNOSTICS.md,
			);
			target = F8C80F432EE246D200AA52E7 /* Reczipes2 */;
		};
/* End PBXFileSystemSynchronizedBuildFileExceptionSet section */

/* Begin PBXFileSystemSynchronizedRootGroup section */
		F8053DDE2F33DB12006A5E34 /* Reczipes2Clip */ = {
			isa = PBXFileSystemSynchronizedRootGroup;
			exceptions = (
				F8053E0A2F33DB15006A5E34 /* Exceptions for "Reczipes2Clip" folder in "Reczipes2Clip" target */,
			);
			path = Reczipes2Clip;
			sourceTree = "<group>";
		};
		F8053DF12F33DB15006A5E34 /* Reczipes2ClipTests */ = {
			isa = PBXFileSystemSynchronizedRootGroup;
			path = Reczipes2ClipTests;
			sourceTree = "<group>";
		};
		F8053DFB2F33DB15006A5E34 /* Reczipes2ClipUITests */ = {
			isa = PBXFileSystemSynchronizedRootGroup;
			path = Reczipes2ClipUITests;
			sourceTree = "<group>";
		};
		F8C80F462EE246D200AA52E7 /* Reczipes2 */ = {
			isa = PBXFileSystemSynchronizedRootGroup;
			exceptions = (
				F890655B2F3264AC00E47AA8 /* Exceptions for "Reczipes2" folder in "Reczipes2" target */,
				F87D19EC2EE778EE009C11CB /* Exceptions for "Reczipes2" folder in "Reczipes2Tests" target */,
				F8053E232F33DD62006A5E34 /* Exceptions for "Reczipes2" folder in "Reczipes2Clip" target */,
			);
			path = Reczipes2;
			sourceTree = "<group>";
		};
		F8C80F562EE246D300AA52E7 /* Reczipes2Tests */ = {
			isa = PBXFileSystemSynchronizedRootGroup;
			exceptions = (
				F86A2B3B2F10453300664E61 /* Exceptions for "Reczipes2Tests" folder in "Reczipes2Tests" target */,
			);
			path = Reczipes2Tests;
			sourceTree = "<group>";
		};
		F8C80F602EE246D300AA52E7 /* Reczipes2UITests */ = {
			isa = PBXFileSystemSynchronizedRootGroup;
			path = Reczipes2UITests;
			sourceTree = "<group>";
		};
		F8C80F8F2EE39DFE00AA52E7 /* Docs */ = {
			isa = PBXFileSystemSynchronizedRootGroup;
			exceptions = (
				F8F1931A2F0068F7001B77D4 /* Exceptions for "Docs" folder in "Reczipes2" target */,
			);
			path = Docs;
			sourceTree = "<group>";
		};
/* End PBXFileSystemSynchronizedRootGroup section */

/* Begin PBXFrameworksBuildPhase section */
		F8053DDA2F33DB12006A5E34 /* Frameworks */ = {
			isa = PBXFrameworksBuildPhase;
			files = (
			);
		};
		F8053DEB2F33DB15006A5E34 /* Frameworks */ = {
			isa = PBXFrameworksBuildPhase;
			files = (
			);
		};
		F8053DF52F33DB15006A5E34 /* Frameworks */ = {
			isa = PBXFrameworksBuildPhase;
			files = (
			);
		};
		F8C80F412EE246D200AA52E7 /* Frameworks */ = {
			isa = PBXFrameworksBuildPhase;
			files = (
			);
		};
		F8C80F502EE246D300AA52E7 /* Frameworks */ = {
			isa = PBXFrameworksBuildPhase;
			files = (
			);
		};
		F8C80F5A2EE246D300AA52E7 /* Frameworks */ = {
			isa = PBXFrameworksBuildPhase;
			files = (
			);
		};
/* End PBXFrameworksBuildPhase section */

/* Begin PBXGroup section */
		F8C80F3B2EE246D200AA52E7 = {
			isa = PBXGroup;
			children = (
				F87D7DEF2FBD1CB300D0E1DA /* Reczipes2Tests.xctestplan */,
				F87D7DED2FBD18CA00D0E1DA /* TestPlan.xctestplan */,
				F81D46122FBD0E4500573E24 /* Reczipes2UITests.xctestplan */,
				F82B65D12F01B60E00500EDE /* Reczipes2App.swift */,
				F89D3B622EF60B9700B52212 /* Assets.xcassets */,
				F8C80F8F2EE39DFE00AA52E7 /* Docs */,
				F8C80F462EE246D200AA52E7 /* Reczipes2 */,
				F8C80F562EE246D300AA52E7 /* Reczipes2Tests */,
				F8C80F602EE246D300AA52E7 /* Reczipes2UITests */,
				F8053DDE2F33DB12006A5E34 /* Reczipes2Clip */,
				F8053DF12F33DB15006A5E34 /* Reczipes2ClipTests */,
				F8053DFB2F33DB15006A5E34 /* Reczipes2ClipUITests */,
				F8C80F452EE246D200AA52E7 /* Products */,
			);
			sourceTree = "<group>";
		};
		F8C80F452EE246D200AA52E7 /* Products */ = {
			isa = PBXGroup;
			children = (
				F8C80F442EE246D200AA52E7 /* Reczipes2.app */,
				F8C80F532EE246D300AA52E7 /* Reczipes2Tests.xctest */,
				F8C80F5D2EE246D300AA52E7 /* Reczipes2UITests.xctest */,
				F8053DDD2F33DB12006A5E34 /* Reczipes2Clip.app */,
				F8053DEE2F33DB15006A5E34 /* Reczipes2ClipTests.xctest */,
				F8053DF82F33DB15006A5E34 /* Reczipes2ClipUITests.xctest */,
			);
			name = Products;
			sourceTree = "<group>";
		};
/* End PBXGroup section */

/* Begin PBXNativeTarget section */
		F8053DDC2F33DB12006A5E34 /* Reczipes2Clip */ = {
			isa = PBXNativeTarget;
			buildConfigurationList = F8053E092F33DB15006A5E34 /* Build configuration list for PBXNativeTarget "Reczipes2Clip" */;
			buildPhases = (
				F8053DD92F33DB12006A5E34 /* Sources */,
				F8053DDA2F33DB12006A5E34 /* Frameworks */,
				F8053DDB2F33DB12006A5E34 /* Resources */,
			);
			buildRules = (
			);
			fileSystemSynchronizedGroups = (
				F8053DDE2F33DB12006A5E34 /* Reczipes2Clip */,
			);
			name = Reczipes2Clip;
			productName = Reczipes2Clip;
			productReference = F8053DDD2F33DB12006A5E34 /* Reczipes2Clip.app */;
			productType = "com.apple.product-type.application.on-demand-install-capable";
		};
		F8053DED2F33DB15006A5E34 /* Reczipes2ClipTests */ = {
			isa = PBXNativeTarget;
			buildConfigurationList = F8053E0B2F33DB15006A5E34 /* Build configuration list for PBXNativeTarget "Reczipes2ClipTests" */;
			buildPhases = (
				F8053DEA2F33DB15006A5E34 /* Sources */,
				F8053DEB2F33DB15006A5E34 /* Frameworks */,
				F8053DEC2F33DB15006A5E34 /* Resources */,
			);
			buildRules = (
			);
			dependencies = (
				F8053DF02F33DB15006A5E34 /* PBXTargetDependency */,
			);
			fileSystemSynchronizedGroups = (
				F8053DF12F33DB15006A5E34 /* Reczipes2ClipTests */,
			);
			name = Reczipes2ClipTests;
			productName = Reczipes2ClipTests;
			productReference = F8053DEE2F33DB15006A5E34 /* Reczipes2ClipTests.xctest */;
			productType = "com.apple.product-type.bundle.unit-test";
		};
		F8053DF72F33DB15006A5E34 /* Reczipes2ClipUITests */ = {
			isa = PBXNativeTarget;
			buildConfigurationList = F8053E0C2F33DB15006A5E34 /* Build configuration list for PBXNativeTarget "Reczipes2ClipUITests" */;
			buildPhases = (
				F8053DF42F33DB15006A5E34 /* Sources */,
				F8053DF52F33DB15006A5E34 /* Frameworks */,
				F8053DF62F33DB15006A5E34 /* Resources */,
			);
			buildRules = (
			);
			dependencies = (
				F8053DFA2F33DB15006A5E34 /* PBXTargetDependency */,
			);
			fileSystemSynchronizedGroups = (
				F8053DFB2F33DB15006A5E34 /* Reczipes2ClipUITests */,
			);
			name = Reczipes2ClipUITests;
			productName = Reczipes2ClipUITests;
			productReference = F8053DF82F33DB15006A5E34 /* Reczipes2ClipUITests.xctest */;
			productType = "com.apple.product-type.bundle.ui-testing";
		};
		F8C80F432EE246D200AA52E7 /* Reczipes2 */ = {
			isa = PBXNativeTarget;
			buildConfigurationList = F8C80F672EE246D300AA52E7 /* Build configuration list for PBXNativeTarget "Reczipes2" */;
			buildPhases = (
				F8C80F402EE246D200AA52E7 /* Sources */,
				F8C80F412EE246D200AA52E7 /* Frameworks */,
				F8C80F422EE246D200AA52E7 /* Resources */,
				F84466D42F058B8B005AC874 /* Embed App Clips */,
			);
			buildRules = (
			);
			dependencies = (
				F8053E012F33DB15006A5E34 /* PBXTargetDependency */,
			);
			fileSystemSynchronizedGroups = (
				F8C80F462EE246D200AA52E7 /* Reczipes2 */,
				F8C80F8F2EE39DFE00AA52E7 /* Docs */,
			);
			name = Reczipes2;
			productName = Reczipes2;
			productReference = F8C80F442EE246D200AA52E7 /* Reczipes2.app */;
			productType = "com.apple.product-type.application";
		};
		F8C80F522EE246D300AA52E7 /* Reczipes2Tests */ = {
			isa = PBXNativeTarget;
			buildConfigurationList = F8C80F6A2EE246D300AA52E7 /* Build configuration list for PBXNativeTarget "Reczipes2Tests" */;
			buildPhases = (
				F8C80F4F2EE246D300AA52E7 /* Sources */,
				F8C80F502EE246D300AA52E7 /* Frameworks */,
				F8C80F512EE246D300AA52E7 /* Resources */,
			);
			buildRules = (
			);
			dependencies = (
				F8C80F552EE246D300AA52E7 /* PBXTargetDependency */,
			);
			fileSystemSynchronizedGroups = (
				F8C80F562EE246D300AA52E7 /* Reczipes2Tests */,
			);
			name = Reczipes2Tests;
			productName = Reczipes2Tests;
			productReference = F8C80F532EE246D300AA52E7 /* Reczipes2Tests.xctest */;
			productType = "com.apple.product-type.bundle.unit-test";
		};
		F8C80F5C2EE246D300AA52E7 /* Reczipes2UITests */ = {
			isa = PBXNativeTarget;
			buildConfigurationList = F8C80F6D2EE246D300AA52E7 /* Build configuration list for PBXNativeTarget "Reczipes2UITests" */;
			buildPhases = (
				F8C80F592EE246D300AA52E7 /* Sources */,
				F8C80F5A2EE246D300AA52E7 /* Frameworks */,
				F8C80F5B2EE246D300AA52E7 /* Resources */,
			);
			buildRules = (
			);
			dependencies = (
				F8C80F5F2EE246D300AA52E7 /* PBXTargetDependency */,
			);
			fileSystemSynchronizedGroups = (
				F8C80F602EE246D300AA52E7 /* Reczipes2UITests */,
			);
			name = Reczipes2UITests;
			productName = Reczipes2UITests;
			productReference = F8C80F5D2EE246D300AA52E7 /* Reczipes2UITests.xctest */;
			productType = "com.apple.product-type.bundle.ui-testing";
		};
/* End PBXNativeTarget section */

/* Begin PBXProject section */
		F8C80F3C2EE246D200AA52E7 /* Project object */ = {
			isa = PBXProject;
			attributes = {
				BuildIndependentTargetsInParallel = 1;
				LastSwiftUpdateCheck = 2620;
				LastUpgradeCheck = 2620;
				TargetAttributes = {
					F8053DDC2F33DB12006A5E34 = {
						CreatedOnToolsVersion = 26.2;
					};
					F8053DED2F33DB15006A5E34 = {
						CreatedOnToolsVersion = 26.2;
						TestTargetID = F8053DDC2F33DB12006A5E34;
					};
					F8053DF72F33DB15006A5E34 = {
						CreatedOnToolsVersion = 26.2;
						TestTargetID = F8053DDC2F33DB12006A5E34;
					};
					F8C80F432EE246D200AA52E7 = {
						CreatedOnToolsVersion = 26.1.1;
					};
					F8C80F522EE246D300AA52E7 = {
						CreatedOnToolsVersion = 26.1.1;
						TestTargetID = F8C80F432EE246D200AA52E7;
					};
					F8C80F5C2EE246D300AA52E7 = {
						CreatedOnToolsVersion = 26.1.1;
						TestTargetID = F8C80F432EE246D200AA52E7;
					};
				};
			};
			buildConfigurationList = F8C80F3F2EE246D200AA52E7 /* Build configuration list for PBXProject "Reczipes2" */;
			developmentRegion = en;
			hasScannedForEncodings = 0;
			knownRegions = (
				en,
				Base,
			);
			mainGroup = F8C80F3B2EE246D200AA52E7;
			minimizedProjectReferenceProxies = 1;
			packageReferences = (
			);
			preferredProjectObjectVersion = 90;
			productRefGroup = F8C80F452EE246D200AA52E7 /* Products */;
			projectDirPath = "";
			projectRoot = "";
			targets = (
				F8C80F432EE246D200AA52E7 /* Reczipes2 */,
				F8C80F522EE246D300AA52E7 /* Reczipes2Tests */,
				F8C80F5C2EE246D300AA52E7 /* Reczipes2UITests */,
				F8053DDC2F33DB12006A5E34 /* Reczipes2Clip */,
				F8053DED2F33DB15006A5E34 /* Reczipes2ClipTests */,
				F8053DF72F33DB15006A5E34 /* Reczipes2ClipUITests */,
			);
		};
/* End PBXProject section */

/* Begin PBXResourcesBuildPhase section */
		F8053DDB2F33DB12006A5E34 /* Resources */ = {
			isa = PBXResourcesBuildPhase;
			files = (
			);
		};
		F8053DEC2F33DB15006A5E34 /* Resources */ = {
			isa = PBXResourcesBuildPhase;
			files = (
			);
		};
		F8053DF62F33DB15006A5E34 /* Resources */ = {
			isa = PBXResourcesBuildPhase;
			files = (
			);
		};
		F8C80F422EE246D200AA52E7 /* Resources */ = {
			isa = PBXResourcesBuildPhase;
			files = (
				F89D3BB32EF60B9700B52212 /* Assets.xcassets in Resources */,
			);
		};
		F8C80F512EE246D300AA52E7 /* Resources */ = {
			isa = PBXResourcesBuildPhase;
			files = (
			);
		};
		F8C80F5B2EE246D300AA52E7 /* Resources */ = {
			isa = PBXResourcesBuildPhase;
			files = (
			);
		};
/* End PBXResourcesBuildPhase section */

/* Begin PBXSourcesBuildPhase section */
		F8053DD92F33DB12006A5E34 /* Sources */ = {
			isa = PBXSourcesBuildPhase;
			files = (
			);
		};
		F8053DEA2F33DB15006A5E34 /* Sources */ = {
			isa = PBXSourcesBuildPhase;
			files = (
			);
		};
		F8053DF42F33DB15006A5E34 /* Sources */ = {
			isa = PBXSourcesBuildPhase;
			files = (
			);
		};
		F8C80F402EE246D200AA52E7 /* Sources */ = {
			isa = PBXSourcesBuildPhase;
			files = (
				F82B66222F01B60E00500EDE /* Reczipes2App.swift in Sources */,
			);
		};
		F8C80F4F2EE246D300AA52E7 /* Sources */ = {
			isa = PBXSourcesBuildPhase;
			files = (
			);
		};
		F8C80F592EE246D300AA52E7 /* Sources */ = {
			isa = PBXSourcesBuildPhase;
			files = (
			);
		};
/* End PBXSourcesBuildPhase section */

/* Begin PBXTargetDependency section */
		F8053DF02F33DB15006A5E34 /* PBXTargetDependency */ = {
			isa = PBXTargetDependency;
			target = F8053DDC2F33DB12006A5E34 /* Reczipes2Clip */;
			targetProxy = F8053DEF2F33DB15006A5E34 /* PBXContainerItemProxy */;
		};
		F8053DFA2F33DB15006A5E34 /* PBXTargetDependency */ = {
			isa = PBXTargetDependency;
			target = F8053DDC2F33DB12006A5E34 /* Reczipes2Clip */;
			targetProxy = F8053DF92F33DB15006A5E34 /* PBXContainerItemProxy */;
		};
		F8053E012F33DB15006A5E34 /* PBXTargetDependency */ = {
			isa = PBXTargetDependency;
			target = F8053DDC2F33DB12006A5E34 /* Reczipes2Clip */;
			targetProxy = F8053E002F33DB15006A5E34 /* PBXContainerItemProxy */;
		};
		F8C80F552EE246D300AA52E7 /* PBXTargetDependency */ = {
			isa = PBXTargetDependency;
			target = F8C80F432EE246D200AA52E7 /* Reczipes2 */;
			targetProxy = F8C80F542EE246D300AA52E7 /* PBXContainerItemProxy */;
		};
		F8C80F5F2EE246D300AA52E7 /* PBXTargetDependency */ = {
			isa = PBXTargetDependency;
			target = F8C80F432EE246D200AA52E7 /* Reczipes2 */;
			targetProxy = F8C80F5E2EE246D300AA52E7 /* PBXContainerItemProxy */;
		};
/* End PBXTargetDependency section */

/* Begin XCBuildConfiguration section */
		F8053E032F33DB15006A5E34 /* Debug configuration for PBXNativeTarget "Reczipes2Clip" */ = {
			isa = XCBuildConfiguration;
			buildSettings = {
				ASSETCATALOG_COMPILER_APPICON_NAME = AppClip;
				ASSETCATALOG_COMPILER_GLOBAL_ACCENT_COLOR_NAME = AccentColor;
				CODE_SIGN_ENTITLEMENTS = Reczipes2Clip/Reczipes2Clip.entitlements;
				CODE_SIGN_STYLE = Automatic;
				CURRENT_PROJECT_VERSION = 139;
				DEVELOPMENT_TEAM = YKHW2TJ32G;
				ENABLE_PREVIEWS = YES;
				GENERATE_INFOPLIST_FILE = YES;
				INFOPLIST_FILE = Reczipes2Clip/Info.plist;
				INFOPLIST_KEY_CFBundleDisplayName = Reczipes2;
				INFOPLIST_KEY_LSApplicationCategoryType = "public.app-category.food-and-drink";
				INFOPLIST_KEY_UIApplicationSceneManifest_Generation = YES;
				INFOPLIST_KEY_UIApplicationSupportsIndirectInputEvents = YES;
				INFOPLIST_KEY_UILaunchScreen_Generation = YES;
				INFOPLIST_KEY_UISupportedInterfaceOrientations_iPad = "UIInterfaceOrientationPortrait UIInterfaceOrientationPortraitUpsideDown UIInterfaceOrientationLandscapeLeft UIInterfaceOrientationLandscapeRight";
				INFOPLIST_KEY_UISupportedInterfaceOrientations_iPhone = "UIInterfaceOrientationPortrait UIInterfaceOrientationLandscapeLeft UIInterfaceOrientationLandscapeRight";
				IPHONEOS_DEPLOYMENT_TARGET = 26.2;
				LD_RUNPATH_SEARCH_PATHS = (
					"$(inherited)",
					"@executable_path/Frameworks",
				);
				MARKETING_VERSION = 17.5;
				OTHER_SWIFT_FLAGS = "-DAPPCLIP";
				PRODUCT_BUNDLE_IDENTIFIER = com.headydiscy.reczipes2.Clip;
				PRODUCT_NAME = "$(TARGET_NAME)";
				SDKROOT = iphoneos;
				STRING_CATALOG_GENERATE_SYMBOLS = YES;
				SWIFT_APPROACHABLE_CONCURRENCY = YES;
				SWIFT_DEFAULT_ACTOR_ISOLATION = MainActor;
				SWIFT_EMIT_LOC_STRINGS = YES;
				SWIFT_UPCOMING_FEATURE_MEMBER_IMPORT_VISIBILITY = YES;
				SWIFT_VERSION = 5.0;
				TARGETED_DEVICE_FAMILY = "1,2";
			};
			name = Debug;
		};
		F8053E042F33DB15006A5E34 /* Release configuration for PBXNativeTarget "Reczipes2Clip" */ = {
			isa = XCBuildConfiguration;
			buildSettings = {
				ASSETCATALOG_COMPILER_APPICON_NAME = AppClip;
				ASSETCATALOG_COMPILER_GLOBAL_ACCENT_COLOR_NAME = AccentColor;
				CODE_SIGN_ENTITLEMENTS = Reczipes2Clip/Reczipes2Clip.entitlements;
				CODE_SIGN_STYLE = Automatic;
				CURRENT_PROJECT_VERSION = 139;
				DEVELOPMENT_TEAM = YKHW2TJ32G;
				ENABLE_PREVIEWS = YES;
				GENERATE_INFOPLIST_FILE = YES;
				INFOPLIST_FILE = Reczipes2Clip/Info.plist;
				INFOPLIST_KEY_CFBundleDisplayName = Reczipes2;
				INFOPLIST_KEY_LSApplicationCategoryType = "public.app-category.food-and-drink";
				INFOPLIST_KEY_UIApplicationSceneManifest_Generation = YES;
				INFOPLIST_KEY_UIApplicationSupportsIndirectInputEvents = YES;
				INFOPLIST_KEY_UILaunchScreen_Generation = YES;
				INFOPLIST_KEY_UISupportedInterfaceOrientations_iPad = "UIInterfaceOrientationPortrait UIInterfaceOrientationPortraitUpsideDown UIInterfaceOrientationLandscapeLeft UIInterfaceOrientationLandscapeRight";
				INFOPLIST_KEY_UISupportedInterfaceOrientations_iPhone = "UIInterfaceOrientationPortrait UIInterfaceOrientationLandscapeLeft UIInterfaceOrientationLandscapeRight";
				IPHONEOS_DEPLOYMENT_TARGET = 26.2;
				LD_RUNPATH_SEARCH_PATHS = (
					"$(inherited)",
					"@executable_path/Frameworks",
				);
				MARKETING_VERSION = 17.5;
				OTHER_SWIFT_FLAGS = "-DAPPCLIP";
				PRODUCT_BUNDLE_IDENTIFIER = com.headydiscy.reczipes2.Clip;
				PRODUCT_NAME = "$(TARGET_NAME)";
				SDKROOT = iphoneos;
				STRING_CATALOG_GENERATE_SYMBOLS = YES;
				SWIFT_APPROACHABLE_CONCURRENCY = YES;
				SWIFT_DEFAULT_ACTOR_ISOLATION = MainActor;
				SWIFT_EMIT_LOC_STRINGS = YES;
				SWIFT_UPCOMING_FEATURE_MEMBER_IMPORT_VISIBILITY = YES;
				SWIFT_VERSION = 5.0;
				TARGETED_DEVICE_FAMILY = "1,2";
				VALIDATE_PRODUCT = YES;
			};
			name = Release;
		};
		F8053E052F33DB15006A5E34 /* Debug configuration for PBXNativeTarget "Reczipes2ClipTests" */ = {
			isa = XCBuildConfiguration;
			buildSettings = {
				BUNDLE_LOADER = "$(TEST_HOST)";
				CODE_SIGN_STYLE = Automatic;
				CURRENT_PROJECT_VERSION = 1;
				DEVELOPMENT_TEAM = YKHW2TJ32G;
				GENERATE_INFOPLIST_FILE = YES;
				IPHONEOS_DEPLOYMENT_TARGET = 26.2;
				MARKETING_VERSION = 1.0;
				PRODUCT_BUNDLE_IDENTIFIER = com.headydiscy.reczipes2.Reczipes2ClipTests;
				PRODUCT_NAME = "$(TARGET_NAME)";
				SDKROOT = iphoneos;
				STRING_CATALOG_GENERATE_SYMBOLS = NO;
				SUPPORTED_PLATFORMS = "iphoneos iphonesimulator";
				SUPPORTS_MACCATALYST = NO;
				SUPPORTS_XR_DESIGNED_FOR_IPHONE_IPAD = NO;
				SWIFT_APPROACHABLE_CONCURRENCY = YES;
				SWIFT_EMIT_LOC_STRINGS = NO;
				SWIFT_UPCOMING_FEATURE_MEMBER_IMPORT_VISIBILITY = YES;
				SWIFT_VERSION = 5.0;
				TARGETED_DEVICE_FAMILY = "1,2";
				TEST_HOST = "$(BUILT_PRODUCTS_DIR)/Reczipes2Clip.app/$(BUNDLE_EXECUTABLE_FOLDER_PATH)/Reczipes2Clip";
			};
			name = Debug;
		};
		F8053E062F33DB15006A5E34 /* Release configuration for PBXNativeTarget "Reczipes2ClipTests" */ = {
			isa = XCBuildConfiguration;
			buildSettings = {
				BUNDLE_LOADER = "$(TEST_HOST)";
				CODE_SIGN_STYLE = Automatic;
				CURRENT_PROJECT_VERSION = 1;
				DEVELOPMENT_TEAM = YKHW2TJ32G;
				GENERATE_INFOPLIST_FILE = YES;
				IPHONEOS_DEPLOYMENT_TARGET = 26.2;
				MARKETING_VERSION = 1.0;
				PRODUCT_BUNDLE_IDENTIFIER = com.headydiscy.reczipes2.Reczipes2ClipTests;
				PRODUCT_NAME = "$(TARGET_NAME)";
				SDKROOT = iphoneos;
				STRING_CATALOG_GENERATE_SYMBOLS = NO;
				SUPPORTED_PLATFORMS = "iphoneos iphonesimulator";
				SUPPORTS_MACCATALYST = NO;
				SUPPORTS_XR_DESIGNED_FOR_IPHONE_IPAD = NO;
				SWIFT_APPROACHABLE_CONCURRENCY = YES;
				SWIFT_EMIT_LOC_STRINGS = NO;
				SWIFT_UPCOMING_FEATURE_MEMBER_IMPORT_VISIBILITY = YES;
				SWIFT_VERSION = 5.0;
				TARGETED_DEVICE_FAMILY = "1,2";
				TEST_HOST = "$(BUILT_PRODUCTS_DIR)/Reczipes2Clip.app/$(BUNDLE_EXECUTABLE_FOLDER_PATH)/Reczipes2Clip";
				VALIDATE_PRODUCT = YES;
			};
			name = Release;
		};
		F8053E072F33DB15006A5E34 /* Debug configuration for PBXNativeTarget "Reczipes2ClipUITests" */ = {
			isa = XCBuildConfiguration;
			buildSettings = {
				CODE_SIGN_STYLE = Automatic;
				CURRENT_PROJECT_VERSION = 1;
				DEVELOPMENT_TEAM = YKHW2TJ32G;
				GENERATE_INFOPLIST_FILE = YES;
				IPHONEOS_DEPLOYMENT_TARGET = 26.2;
				MARKETING_VERSION = 1.0;
				PRODUCT_BUNDLE_IDENTIFIER = com.headydiscy.reczipes2.Reczipes2ClipUITests;
				PRODUCT_NAME = "$(TARGET_NAME)";
				SDKROOT = iphoneos;
				STRING_CATALOG_GENERATE_SYMBOLS = NO;
				SUPPORTED_PLATFORMS = "iphoneos iphonesimulator";
				SUPPORTS_MACCATALYST = NO;
				SUPPORTS_XR_DESIGNED_FOR_IPHONE_IPAD = NO;
				SWIFT_APPROACHABLE_CONCURRENCY = YES;
				SWIFT_EMIT_LOC_STRINGS = NO;
				SWIFT_UPCOMING_FEATURE_MEMBER_IMPORT_VISIBILITY = YES;
				SWIFT_VERSION = 5.0;
				TARGETED_DEVICE_FAMILY = "1,2";
				TEST_TARGET_NAME = Reczipes2Clip;
			};
			name = Debug;
		};
		F8053E082F33DB15006A5E34 /* Release configuration for PBXNativeTarget "Reczipes2ClipUITests" */ = {
			isa = XCBuildConfiguration;
			buildSettings = {
				CODE_SIGN_STYLE = Automatic;
				CURRENT_PROJECT_VERSION = 1;
				DEVELOPMENT_TEAM = YKHW2TJ32G;
				GENERATE_INFOPLIST_FILE = YES;
				IPHONEOS_DEPLOYMENT_TARGET = 26.2;
				MARKETING_VERSION = 1.0;
				PRODUCT_BUNDLE_IDENTIFIER = com.headydiscy.reczipes2.Reczipes2ClipUITests;
				PRODUCT_NAME = "$(TARGET_NAME)";
				SDKROOT = iphoneos;
				STRING_CATALOG_GENERATE_SYMBOLS = NO;
				SUPPORTED_PLATFORMS = "iphoneos iphonesimulator";
				SUPPORTS_MACCATALYST = NO;
				SUPPORTS_XR_DESIGNED_FOR_IPHONE_IPAD = NO;
				SWIFT_APPROACHABLE_CONCURRENCY = YES;
				SWIFT_EMIT_LOC_STRINGS = NO;
				SWIFT_UPCOMING_FEATURE_MEMBER_IMPORT_VISIBILITY = YES;
				SWIFT_VERSION = 5.0;
				TARGETED_DEVICE_FAMILY = "1,2";
				TEST_TARGET_NAME = Reczipes2Clip;
				VALIDATE_PRODUCT = YES;
			};
			name = Release;
		};
		F8C80F652EE246D300AA52E7 /* Debug configuration for PBXProject "Reczipes2" */ = {
			isa = XCBuildConfiguration;
			buildSettings = {
				ALWAYS_SEARCH_USER_PATHS = NO;
				ASSETCATALOG_COMPILER_GENERATE_SWIFT_ASSET_SYMBOL_EXTENSIONS = YES;
				CLANG_ANALYZER_NONNULL = YES;
				CLANG_ANALYZER_NUMBER_OBJECT_CONVERSION = YES_AGGRESSIVE;
				CLANG_CXX_LANGUAGE_STANDARD = "gnu++20";
				CLANG_ENABLE_MODULES = YES;
				CLANG_ENABLE_OBJC_ARC = YES;
				CLANG_ENABLE_OBJC_WEAK = YES;
				CLANG_WARN_BLOCK_CAPTURE_AUTORELEASING = YES;
				CLANG_WARN_BOOL_CONVERSION = YES;
				CLANG_WARN_COMMA = YES;
				CLANG_WARN_CONSTANT_CONVERSION = YES;
				CLANG_WARN_DEPRECATED_OBJC_IMPLEMENTATIONS = YES;
				CLANG_WARN_DIRECT_OBJC_ISA_USAGE = YES_ERROR;
				CLANG_WARN_DOCUMENTATION_COMMENTS = YES;
				CLANG_WARN_EMPTY_BODY = YES;
				CLANG_WARN_ENUM_CONVERSION = YES;
				CLANG_WARN_INFINITE_RECURSION = YES;
				CLANG_WARN_INT_CONVERSION = YES;
				CLANG_WARN_NON_LITERAL_NULL_CONVERSION = YES;
				CLANG_WARN_OBJC_IMPLICIT_RETAIN_SELF = YES;
				CLANG_WARN_OBJC_LITERAL_CONVERSION = YES;
				CLANG_WARN_OBJC_ROOT_CLASS = YES_ERROR;
				CLANG_WARN_QUOTED_INCLUDE_IN_FRAMEWORK_HEADER = YES;
				CLANG_WARN_RANGE_LOOP_ANALYSIS = YES;
				CLANG_WARN_STRICT_PROTOTYPES = YES;
				CLANG_WARN_SUSPICIOUS_MOVE = YES;
				CLANG_WARN_UNGUARDED_AVAILABILITY = YES_AGGRESSIVE;
				CLANG_WARN_UNREACHABLE_CODE = YES;
				CLANG_WARN__DUPLICATE_METHOD_MATCH = YES;
				COPY_PHASE_STRIP = NO;
				DEAD_CODE_STRIPPING = YES;
				DEBUG_INFORMATION_FORMAT = dwarf;
				DEVELOPMENT_TEAM = YKHW2TJ32G;
				ENABLE_STRICT_OBJC_MSGSEND = YES;
				ENABLE_TESTABILITY = YES;
				ENABLE_USER_SCRIPT_SANDBOXING = YES;
				GCC_C_LANGUAGE_STANDARD = gnu17;
				GCC_DYNAMIC_NO_PIC = NO;
				GCC_NO_COMMON_BLOCKS = YES;
				GCC_OPTIMIZATION_LEVEL = 0;
				GCC_PREPROCESSOR_DEFINITIONS = (
					"DEBUG=1",
					"$(inherited)",
				);
				GCC_WARN_64_TO_32_BIT_CONVERSION = YES;
				GCC_WARN_ABOUT_RETURN_TYPE = YES_ERROR;
				GCC_WARN_UNDECLARED_SELECTOR = YES;
				GCC_WARN_UNINITIALIZED_AUTOS = YES_AGGRESSIVE;
				GCC_WARN_UNUSED_FUNCTION = YES;
				GCC_WARN_UNUSED_VARIABLE = YES;
				LOCALIZATION_PREFERS_STRING_CATALOGS = YES;
				MTL_ENABLE_DEBUG_INFO = INCLUDE_SOURCE;
				MTL_FAST_MATH = YES;
				ONLY_ACTIVE_ARCH = YES;
				STRING_CATALOG_GENERATE_SYMBOLS = YES;
				SWIFT_ACTIVE_COMPILATION_CONDITIONS = "DEBUG $(inherited)";
				SWIFT_OPTIMIZATION_LEVEL = "-Onone";
			};
			name = Debug;
		};
		F8C80F662EE246D300AA52E7 /* Release configuration for PBXProject "Reczipes2" */ = {
			isa = XCBuildConfiguration;
			buildSettings = {
				ALWAYS_SEARCH_USER_PATHS = NO;
				ASSETCATALOG_COMPILER_GENERATE_SWIFT_ASSET_SYMBOL_EXTENSIONS = YES;
				CLANG_ANALYZER_NONNULL = YES;
				CLANG_ANALYZER_NUMBER_OBJECT_CONVERSION = YES_AGGRESSIVE;
				CLANG_CXX_LANGUAGE_STANDARD = "gnu++20";
				CLANG_ENABLE_MODULES = YES;
				CLANG_ENABLE_OBJC_ARC = YES;
				CLANG_ENABLE_OBJC_WEAK = YES;
				CLANG_WARN_BLOCK_CAPTURE_AUTORELEASING = YES;
				CLANG_WARN_BOOL_CONVERSION = YES;
				CLANG_WARN_COMMA = YES;
				CLANG_WARN_CONSTANT_CONVERSION = YES;
				CLANG_WARN_DEPRECATED_OBJC_IMPLEMENTATIONS = YES;
				CLANG_WARN_DIRECT_OBJC_ISA_USAGE = YES_ERROR;
				CLANG_WARN_DOCUMENTATION_COMMENTS = YES;
				CLANG_WARN_EMPTY_BODY = YES;
				CLANG_WARN_ENUM_CONVERSION = YES;
				CLANG_WARN_INFINITE_RECURSION = YES;
				CLANG_WARN_INT_CONVERSION = YES;
				CLANG_WARN_NON_LITERAL_NULL_CONVERSION = YES;
				CLANG_WARN_OBJC_IMPLICIT_RETAIN_SELF = YES;
				CLANG_WARN_OBJC_LITERAL_CONVERSION = YES;
				CLANG_WARN_OBJC_ROOT_CLASS = YES_ERROR;
				CLANG_WARN_QUOTED_INCLUDE_IN_FRAMEWORK_HEADER = YES;
				CLANG_WARN_RANGE_LOOP_ANALYSIS = YES;
				CLANG_WARN_STRICT_PROTOTYPES = YES;
				CLANG_WARN_SUSPICIOUS_MOVE = YES;
				CLANG_WARN_UNGUARDED_AVAILABILITY = YES_AGGRESSIVE;
				CLANG_WARN_UNREACHABLE_CODE = YES;
				CLANG_WARN__DUPLICATE_METHOD_MATCH = YES;
				COPY_PHASE_STRIP = NO;
				DEAD_CODE_STRIPPING = YES;
				DEBUG_INFORMATION_FORMAT = "dwarf-with-dsym";
				DEVELOPMENT_TEAM = YKHW2TJ32G;
				ENABLE_NS_ASSERTIONS = NO;
				ENABLE_STRICT_OBJC_MSGSEND = YES;
				ENABLE_USER_SCRIPT_SANDBOXING = YES;
				GCC_C_LANGUAGE_STANDARD = gnu17;
				GCC_NO_COMMON_BLOCKS = YES;
				GCC_WARN_64_TO_32_BIT_CONVERSION = YES;
				GCC_WARN_ABOUT_RETURN_TYPE = YES_ERROR;
				GCC_WARN_UNDECLARED_SELECTOR = YES;
				GCC_WARN_UNINITIALIZED_AUTOS = YES_AGGRESSIVE;
				GCC_WARN_UNUSED_FUNCTION = YES;
				GCC_WARN_UNUSED_VARIABLE = YES;
				LOCALIZATION_PREFERS_STRING_CATALOGS = YES;
				MTL_ENABLE_DEBUG_INFO = NO;
				MTL_FAST_MATH = YES;
				STRING_CATALOG_GENERATE_SYMBOLS = YES;
				SWIFT_COMPILATION_MODE = wholemodule;
			};
			name = Release;
		};
		F8C80F682EE246D300AA52E7 /* Debug configuration for PBXNativeTarget "Reczipes2" */ = {
			isa = XCBuildConfiguration;
			buildSettings = {
				ASSETCATALOG_COMPILER_APPICON_NAME = AppIcon;
				ASSETCATALOG_COMPILER_GLOBAL_ACCENT_COLOR_NAME = AccentColor;
				ASSETCATALOG_COMPILER_INCLUDE_ALL_APPICON_ASSETS = YES;
				CODE_SIGN_ENTITLEMENTS = Reczipes2/Reczipes2.entitlements;
				CODE_SIGN_STYLE = Automatic;
				CURRENT_PROJECT_VERSION = 139;
				DEAD_CODE_STRIPPING = YES;
				DEVELOPMENT_TEAM = YKHW2TJ32G;
				ENABLE_APP_SANDBOX = YES;
				ENABLE_HARDENED_RUNTIME = YES;
				ENABLE_PREVIEWS = YES;
				ENABLE_USER_SELECTED_FILES = readonly;
				GENERATE_INFOPLIST_FILE = YES;
				INFOPLIST_FILE = Reczipes2/Info.plist;
				INFOPLIST_KEY_CFBundleDisplayName = RecipeExtract;
				INFOPLIST_KEY_ITSAppUsesNonExemptEncryption = NO;
				INFOPLIST_KEY_LSApplicationCategoryType = "public.app-category.food-and-drink";
				INFOPLIST_KEY_LSSupportsOpeningDocumentsInPlace = YES;
				INFOPLIST_KEY_NSCameraUsageDescription = "We need your permission to use the camera to add photos to your recipes";
				INFOPLIST_KEY_NSPhotoLibraryUsageDescription = "We need access to your photos to let you assign images to your recipes and to extract recipes";
				INFOPLIST_KEY_NSRemindersUsageDescription = "We need access to Reminders to able to add your ingredients";
				"INFOPLIST_KEY_UIApplicationSceneManifest_Generation[sdk=iphoneos*]" = YES;
				"INFOPLIST_KEY_UIApplicationSceneManifest_Generation[sdk=iphonesimulator*]" = YES;
				"INFOPLIST_KEY_UIApplicationSupportsIndirectInputEvents[sdk=iphoneos*]" = YES;
				"INFOPLIST_KEY_UIApplicationSupportsIndirectInputEvents[sdk=iphonesimulator*]" = YES;
				"INFOPLIST_KEY_UILaunchScreen_Generation[sdk=iphoneos*]" = YES;
				"INFOPLIST_KEY_UILaunchScreen_Generation[sdk=iphonesimulator*]" = YES;
				"INFOPLIST_KEY_UIStatusBarStyle[sdk=iphoneos*]" = UIStatusBarStyleDefault;
				"INFOPLIST_KEY_UIStatusBarStyle[sdk=iphonesimulator*]" = UIStatusBarStyleDefault;
				INFOPLIST_KEY_UISupportedInterfaceOrientations = "UIInterfaceOrientationLandscapeLeft UIInterfaceOrientationLandscapeRight UIInterfaceOrientationPortrait UIInterfaceOrientationPortraitUpsideDown";
				INFOPLIST_KEY_UISupportsDocumentBrowser = YES;
				IPHONEOS_DEPLOYMENT_TARGET = 26.2;
				LD_RUNPATH_SEARCH_PATHS = "@executable_path/Frameworks";
				"LD_RUNPATH_SEARCH_PATHS[sdk=macosx*]" = "@executable_path/../Frameworks";
				MACOSX_DEPLOYMENT_TARGET = 26.0;
				MARKETING_VERSION = 17.5;
				PRODUCT_BUNDLE_IDENTIFIER = com.headydiscy.reczipes2;
				PRODUCT_NAME = "$(TARGET_NAME)";
				REGISTER_APP_GROUPS = YES;
				SDKROOT = auto;
				STRING_CATALOG_GENERATE_SYMBOLS = YES;
				SUPPORTED_PLATFORMS = "iphoneos iphonesimulator";
				SUPPORTS_MACCATALYST = NO;
				SWIFT_APPROACHABLE_CONCURRENCY = YES;
				SWIFT_DEFAULT_ACTOR_ISOLATION = MainActor;
				SWIFT_EMIT_LOC_STRINGS = YES;
				SWIFT_UPCOMING_FEATURE_MEMBER_IMPORT_VISIBILITY = YES;
				SWIFT_VERSION = 6.0;
				TARGETED_DEVICE_FAMILY = "1,2";
				XROS_DEPLOYMENT_TARGET = 26.0;
			};
			name = Debug;
		};
		F8C80F692EE246D300AA52E7 /* Release configuration for PBXNativeTarget "Reczipes2" */ = {
			isa = XCBuildConfiguration;
			buildSettings = {
				ASSETCATALOG_COMPILER_APPICON_NAME = AppIcon;
				ASSETCATALOG_COMPILER_GLOBAL_ACCENT_COLOR_NAME = AccentColor;
				ASSETCATALOG_COMPILER_INCLUDE_ALL_APPICON_ASSETS = YES;
				CODE_SIGN_ENTITLEMENTS = Reczipes2/Reczipes2.entitlements;
				CODE_SIGN_STYLE = Automatic;
				CURRENT_PROJECT_VERSION = 139;
				DEAD_CODE_STRIPPING = YES;
				DEVELOPMENT_TEAM = YKHW2TJ32G;
				ENABLE_APP_SANDBOX = YES;
				ENABLE_HARDENED_RUNTIME = YES;
				ENABLE_PREVIEWS = YES;
				ENABLE_USER_SELECTED_FILES = readonly;
				GENERATE_INFOPLIST_FILE = YES;
				INFOPLIST_FILE = Reczipes2/Info.plist;
				INFOPLIST_KEY_CFBundleDisplayName = RecipeExtract;
				INFOPLIST_KEY_ITSAppUsesNonExemptEncryption = NO;
				INFOPLIST_KEY_LSApplicationCategoryType = "public.app-category.food-and-drink";
				INFOPLIST_KEY_LSSupportsOpeningDocumentsInPlace = YES;
				INFOPLIST_KEY_NSCameraUsageDescription = "We need your permission to use the camera to add photos to your recipes";
				INFOPLIST_KEY_NSPhotoLibraryUsageDescription = "We need access to your photos to let you assign images to your recipes and to extract recipes";
				INFOPLIST_KEY_NSRemindersUsageDescription = "We need access to Reminders to able to add your ingredients";
				"INFOPLIST_KEY_UIApplicationSceneManifest_Generation[sdk=iphoneos*]" = YES;
				"INFOPLIST_KEY_UIApplicationSceneManifest_Generation[sdk=iphonesimulator*]" = YES;
				"INFOPLIST_KEY_UIApplicationSupportsIndirectInputEvents[sdk=iphoneos*]" = YES;
				"INFOPLIST_KEY_UIApplicationSupportsIndirectInputEvents[sdk=iphonesimulator*]" = YES;
				"INFOPLIST_KEY_UILaunchScreen_Generation[sdk=iphoneos*]" = YES;
				"INFOPLIST_KEY_UILaunchScreen_Generation[sdk=iphonesimulator*]" = YES;
				"INFOPLIST_KEY_UIStatusBarStyle[sdk=iphoneos*]" = UIStatusBarStyleDefault;
				"INFOPLIST_KEY_UIStatusBarStyle[sdk=iphonesimulator*]" = UIStatusBarStyleDefault;
				INFOPLIST_KEY_UISupportedInterfaceOrientations = "UIInterfaceOrientationLandscapeLeft UIInterfaceOrientationLandscapeRight UIInterfaceOrientationPortrait UIInterfaceOrientationPortraitUpsideDown";
				INFOPLIST_KEY_UISupportsDocumentBrowser = YES;
				IPHONEOS_DEPLOYMENT_TARGET = 26.2;
				LD_RUNPATH_SEARCH_PATHS = "@executable_path/Frameworks";
				"LD_RUNPATH_SEARCH_PATHS[sdk=macosx*]" = "@executable_path/../Frameworks";
				MACOSX_DEPLOYMENT_TARGET = 26.0;
				MARKETING_VERSION = 17.5;
				PRODUCT_BUNDLE_IDENTIFIER = com.headydiscy.reczipes2;
				PRODUCT_NAME = "$(TARGET_NAME)";
				REGISTER_APP_GROUPS = YES;
				SDKROOT = auto;
				STRING_CATALOG_GENERATE_SYMBOLS = YES;
				SUPPORTED_PLATFORMS = "iphoneos iphonesimulator";
				SUPPORTS_MACCATALYST = NO;
				SWIFT_APPROACHABLE_CONCURRENCY = YES;
				SWIFT_DEFAULT_ACTOR_ISOLATION = MainActor;
				SWIFT_EMIT_LOC_STRINGS = YES;
				SWIFT_UPCOMING_FEATURE_MEMBER_IMPORT_VISIBILITY = YES;
				SWIFT_VERSION = 6.0;
				TARGETED_DEVICE_FAMILY = "1,2";
				XROS_DEPLOYMENT_TARGET = 26.0;
			};
			name = Release;
		};
		F8C80F6B2EE246D300AA52E7 /* Debug configuration for PBXNativeTarget "Reczipes2Tests" */ = {
			isa = XCBuildConfiguration;
			buildSettings = {
				BUNDLE_LOADER = "$(TEST_HOST)";
				CODE_SIGN_STYLE = Automatic;
				CURRENT_PROJECT_VERSION = 1;
				DEAD_CODE_STRIPPING = YES;
				DEVELOPMENT_TEAM = YKHW2TJ32G;
				GENERATE_INFOPLIST_FILE = YES;
				IPHONEOS_DEPLOYMENT_TARGET = 26.2;
				MACOSX_DEPLOYMENT_TARGET = 26.1;
				MARKETING_VERSION = 1.0;
				PRODUCT_BUNDLE_IDENTIFIER = com.headydiscy.Reczipes2Tests;
				PRODUCT_NAME = "$(TARGET_NAME)";
				SDKROOT = auto;
				STRING_CATALOG_GENERATE_SYMBOLS = NO;
				SUPPORTED_PLATFORMS = "iphoneos iphonesimulator";
				SUPPORTS_MACCATALYST = NO;
				SWIFT_APPROACHABLE_CONCURRENCY = YES;
				SWIFT_EMIT_LOC_STRINGS = NO;
				SWIFT_UPCOMING_FEATURE_MEMBER_IMPORT_VISIBILITY = YES;
				SWIFT_VERSION = 6.0;
				TARGETED_DEVICE_FAMILY = "1,2";
				TEST_HOST = "$(BUILT_PRODUCTS_DIR)/Reczipes2.app/$(BUNDLE_EXECUTABLE_FOLDER_PATH)/Reczipes2";
				XROS_DEPLOYMENT_TARGET = 26.1;
			};
			name = Debug;
		};
		F8C80F6C2EE246D300AA52E7 /* Release configuration for PBXNativeTarget "Reczipes2Tests" */ = {
			isa = XCBuildConfiguration;
			buildSettings = {
				BUNDLE_LOADER = "$(TEST_HOST)";
				CODE_SIGN_STYLE = Automatic;
				CURRENT_PROJECT_VERSION = 1;
				DEAD_CODE_STRIPPING = YES;
				DEVELOPMENT_TEAM = YKHW2TJ32G;
				GENERATE_INFOPLIST_FILE = YES;
				IPHONEOS_DEPLOYMENT_TARGET = 26.2;
				MACOSX_DEPLOYMENT_TARGET = 26.1;
				MARKETING_VERSION = 1.0;
				PRODUCT_BUNDLE_IDENTIFIER = com.headydiscy.Reczipes2Tests;
				PRODUCT_NAME = "$(TARGET_NAME)";
				SDKROOT = auto;
				STRING_CATALOG_GENERATE_SYMBOLS = NO;
				SUPPORTED_PLATFORMS = "iphoneos iphonesimulator";
				SUPPORTS_MACCATALYST = NO;
				SWIFT_APPROACHABLE_CONCURRENCY = YES;
				SWIFT_EMIT_LOC_STRINGS = NO;
				SWIFT_UPCOMING_FEATURE_MEMBER_IMPORT_VISIBILITY = YES;
				SWIFT_VERSION = 6.0;
				TARGETED_DEVICE_FAMILY = "1,2";
				TEST_HOST = "$(BUILT_PRODUCTS_DIR)/Reczipes2.app/$(BUNDLE_EXECUTABLE_FOLDER_PATH)/Reczipes2";
				XROS_DEPLOYMENT_TARGET = 26.1;
			};
			name = Release;
		};
		F8C80F6E2EE246D300AA52E7 /* Debug configuration for PBXNativeTarget "Reczipes2UITests" */ = {
			isa = XCBuildConfiguration;
			buildSettings = {
				CODE_SIGN_STYLE = Automatic;
				CURRENT_PROJECT_VERSION = 1;
				DEAD_CODE_STRIPPING = YES;
				DEVELOPMENT_TEAM = YKHW2TJ32G;
				GENERATE_INFOPLIST_FILE = YES;
				IPHONEOS_DEPLOYMENT_TARGET = 26.2;
				MACOSX_DEPLOYMENT_TARGET = 26.1;
				MARKETING_VERSION = 1.0;
				PRODUCT_BUNDLE_IDENTIFIER = com.headydiscy.Reczipes2UITests;
				PRODUCT_NAME = "$(TARGET_NAME)";
				SDKROOT = auto;
				STRING_CATALOG_GENERATE_SYMBOLS = NO;
				SUPPORTED_PLATFORMS = "iphoneos iphonesimulator";
				SUPPORTS_MACCATALYST = NO;
				SWIFT_APPROACHABLE_CONCURRENCY = YES;
				SWIFT_EMIT_LOC_STRINGS = NO;
				SWIFT_UPCOMING_FEATURE_MEMBER_IMPORT_VISIBILITY = YES;
				SWIFT_VERSION = 6.0;
				TARGETED_DEVICE_FAMILY = "1,2";
				TEST_TARGET_NAME = Reczipes2;
				XROS_DEPLOYMENT_TARGET = 26.1;
			};
			name = Debug;
		};
		F8C80F6F2EE246D300AA52E7 /* Release configuration for PBXNativeTarget "Reczipes2UITests" */ = {
			isa = XCBuildConfiguration;
			buildSettings = {
				CODE_SIGN_STYLE = Automatic;
				CURRENT_PROJECT_VERSION = 1;
				DEAD_CODE_STRIPPING = YES;
				DEVELOPMENT_TEAM = YKHW2TJ32G;
				GENERATE_INFOPLIST_FILE = YES;
				IPHONEOS_DEPLOYMENT_TARGET = 26.2;
				MACOSX_DEPLOYMENT_TARGET = 26.1;
				MARKETING_VERSION = 1.0;
				PRODUCT_BUNDLE_IDENTIFIER = com.headydiscy.Reczipes2UITests;
				PRODUCT_NAME = "$(TARGET_NAME)";
				SDKROOT = auto;
				STRING_CATALOG_GENERATE_SYMBOLS = NO;
				SUPPORTED_PLATFORMS = "iphoneos iphonesimulator";
				SUPPORTS_MACCATALYST = NO;
				SWIFT_APPROACHABLE_CONCURRENCY = YES;
				SWIFT_EMIT_LOC_STRINGS = NO;
				SWIFT_UPCOMING_FEATURE_MEMBER_IMPORT_VISIBILITY = YES;
				SWIFT_VERSION = 6.0;
				TARGETED_DEVICE_FAMILY = "1,2";
				TEST_TARGET_NAME = Reczipes2;
				XROS_DEPLOYMENT_TARGET = 26.1;
			};
			name = Release;
		};
/* End XCBuildConfiguration section */

/* Begin XCConfigurationList section */
		F8053E092F33DB15006A5E34 /* Build configuration list for PBXNativeTarget "Reczipes2Clip" */ = {
			isa = XCConfigurationList;
			buildConfigurations = (
				F8053E032F33DB15006A5E34 /* Debug configuration for PBXNativeTarget "Reczipes2Clip" */,
				F8053E042F33DB15006A5E34 /* Release configuration for PBXNativeTarget "Reczipes2Clip" */,
			);
			defaultConfigurationName = Release;
		};
		F8053E0B2F33DB15006A5E34 /* Build configuration list for PBXNativeTarget "Reczipes2ClipTests" */ = {
			isa = XCConfigurationList;
			buildConfigurations = (
				F8053E052F33DB15006A5E34 /* Debug configuration for PBXNativeTarget "Reczipes2ClipTests" */,
				F8053E062F33DB15006A5E34 /* Release configuration for PBXNativeTarget "Reczipes2ClipTests" */,
			);
			defaultConfigurationName = Release;
		};
		F8053E0C2F33DB15006A5E34 /* Build configuration list for PBXNativeTarget "Reczipes2ClipUITests" */ = {
			isa = XCConfigurationList;
			buildConfigurations = (
				F8053E072F33DB15006A5E34 /* Debug configuration for PBXNativeTarget "Reczipes2ClipUITests" */,
				F8053E082F33DB15006A5E34 /* Release configuration for PBXNativeTarget "Reczipes2ClipUITests" */,
			);
			defaultConfigurationName = Release;
		};
		F8C80F3F2EE246D200AA52E7 /* Build configuration list for PBXProject "Reczipes2" */ = {
			isa = XCConfigurationList;
			buildConfigurations = (
				F8C80F652EE246D300AA52E7 /* Debug configuration for PBXProject "Reczipes2" */,
				F8C80F662EE246D300AA52E7 /* Release configuration for PBXProject "Reczipes2" */,
			);
			defaultConfigurationName = Release;
		};
		F8C80F672EE246D300AA52E7 /* Build configuration list for PBXNativeTarget "Reczipes2" */ = {
			isa = XCConfigurationList;
			buildConfigurations = (
				F8C80F682EE246D300AA52E7 /* Debug configuration for PBXNativeTarget "Reczipes2" */,
				F8C80F692EE246D300AA52E7 /* Release configuration for PBXNativeTarget "Reczipes2" */,
			);
			defaultConfigurationName = Release;
		};
		F8C80F6A2EE246D300AA52E7 /* Build configuration list for PBXNativeTarget "Reczipes2Tests" */ = {
			isa = XCConfigurationList;
			buildConfigurations = (
				F8C80F6B2EE246D300AA52E7 /* Debug configuration for PBXNativeTarget "Reczipes2Tests" */,
				F8C80F6C2EE246D300AA52E7 /* Release configuration for PBXNativeTarget "Reczipes2Tests" */,
			);
			defaultConfigurationName = Release;
		};
		F8C80F6D2EE246D300AA52E7 /* Build configuration list for PBXNativeTarget "Reczipes2UITests" */ = {
			isa = XCConfigurationList;
			buildConfigurations = (
				F8C80F6E2EE246D300AA52E7 /* Debug configuration for PBXNativeTarget "Reczipes2UITests" */,
				F8C80F6F2EE246D300AA52E7 /* Release configuration for PBXNativeTarget "Reczipes2UITests" */,
			);
			defaultConfigurationName = Release;
		};
/* End XCConfigurationList section */
	};
	rootObject = F8C80F3C2EE246D200AA52E7 /* Project object */;
}
